
Microsoft Visual Studio Solution File, Format Version 12.00
# Visual Studio Version 16
VisualStudioVersion = 16.0.31025.194
MinimumVisualStudioVersion = 10.0.40219.1
Project("{FAE04EC0-301F-11D3-BF4B-00C04F79EFBC}") = "InMemoryDB", "InMemoryDB\InMemoryDB.csproj", "{A53DCAC3-534B-45EE-9244-936E32C7B0D0}"
EndProject
Global
	GlobalSection(SolutionConfigurationPlatforms) = preSolution
		Debug|Any CPU = Debug|Any CPU
		Release|Any CPU = Release|Any CPU
	EndGlobalSection
	GlobalSection(ProjectConfigurationPlatforms) = postSolution
		{A53DCAC3-534B-45EE-9244-936E32C7B0D0}.Debug|Any CPU.ActiveCfg = Debug|Any CPU
		{A53DCAC3-534B-45EE-9244-936E32C7B0D0}.Debug|Any CPU.Build.0 = Debug|Any CPU
		{A53DCAC3-534B-45EE-9244-936E32C7B0D0}.Release|Any CPU.ActiveCfg = Release|Any CPU
		{A53DCAC3-534B-45EE-9244-936E32C7B0D0}.Release|Any CPU.Build.0 = Release|Any CPU
	EndGlobalSection
	GlobalSection(SolutionProperties) = preSolution
		HideSolutionNode = FALSE
	EndGlobalSection
	GlobalSection(ExtensibilityGlobals) = postSolution
		SolutionGuid = {F755557B-1E26-4D7A-98C0-9A44046B3CAF}
	EndGlobalSection
EndGlobal
