
Microsoft Visual Studio Solution File, Format Version 12.00
# Visual Studio Version 16
VisualStudioVersion = 16.0.31025.194
MinimumVisualStudioVersion = 10.0.40219.1
Project("{FAE04EC0-301F-11D3-BF4B-00C04F79EFBC}") = "UpdateEntityThatHasManyChildren", "UpdateEntityThatHasManyChildren\UpdateEntityThatHasManyChildren.csproj", "{136A95EB-44A6-42A9-A65B-6C4A25685097}"
EndProject
Global
	GlobalSection(SolutionConfigurationPlatforms) = preSolution
		Debug|Any CPU = Debug|Any CPU
		Release|Any CPU = Release|Any CPU
	EndGlobalSection
	GlobalSection(ProjectConfigurationPlatforms) = postSolution
		{136A95EB-44A6-42A9-A65B-6C4A25685097}.Debug|Any CPU.ActiveCfg = Debug|Any CPU
		{136A95EB-44A6-42A9-A65B-6C4A25685097}.Debug|Any CPU.Build.0 = Debug|Any CPU
		{136A95EB-44A6-42A9-A65B-6C4A25685097}.Release|Any CPU.ActiveCfg = Release|Any CPU
		{136A95EB-44A6-42A9-A65B-6C4A25685097}.Release|Any CPU.Build.0 = Release|Any CPU
	EndGlobalSection
	GlobalSection(SolutionProperties) = preSolution
		HideSolutionNode = FALSE
	EndGlobalSection
	GlobalSection(ExtensibilityGlobals) = postSolution
		SolutionGuid = {47DE82C1-C756-42B9-92A4-FAC194B50234}
	EndGlobalSection
EndGlobal
