
Microsoft Visual Studio Solution File, Format Version 12.00
# Visual Studio Version 16
VisualStudioVersion = 16.0.31025.194
MinimumVisualStudioVersion = 10.0.40219.1
Project("{FAE04EC0-301F-11D3-BF4B-00C04F79EFBC}") = "ConstructorUsageByEFCore", "ConstructorUsageByEFCore\ConstructorUsageByEFCore.csproj", "{2CF818CF-0822-42B0-8A39-A88D28053C1B}"
EndProject
Global
	GlobalSection(SolutionConfigurationPlatforms) = preSolution
		Debug|Any CPU = Debug|Any CPU
		Release|Any CPU = Release|Any CPU
	EndGlobalSection
	GlobalSection(ProjectConfigurationPlatforms) = postSolution
		{2CF818CF-0822-42B0-8A39-A88D28053C1B}.Debug|Any CPU.ActiveCfg = Debug|Any CPU
		{2CF818CF-0822-42B0-8A39-A88D28053C1B}.Debug|Any CPU.Build.0 = Debug|Any CPU
		{2CF818CF-0822-42B0-8A39-A88D28053C1B}.Release|Any CPU.ActiveCfg = Release|Any CPU
		{2CF818CF-0822-42B0-8A39-A88D28053C1B}.Release|Any CPU.Build.0 = Release|Any CPU
	EndGlobalSection
	GlobalSection(SolutionProperties) = preSolution
		HideSolutionNode = FALSE
	EndGlobalSection
	GlobalSection(ExtensibilityGlobals) = postSolution
		SolutionGuid = {EFB40121-A967-4D35-9A8B-558794806E81}
	EndGlobalSection
EndGlobal
